
Microsoft Visual Studio Solution File, Format Version 12.00
# Visual Studio 2012
Project("{8BC9CEB8-8B4A-11D0-8D11-00A0C91BC942}") = "N1", "N1\N1.vcxproj", "{AE131E54-5E4F-4045-B292-4E6E1F6E5E8E}"
EndProject
Global
	GlobalSection(SolutionConfigurationPlatforms) = preSolution
		Debug|Win32 = Debug|Win32
		Release|Win32 = Release|Win32
	EndGlobalSection
	GlobalSection(ProjectConfigurationPlatforms) = postSolution
		{AE131E54-5E4F-4045-B292-4E6E1F6E5E8E}.Debug|Win32.ActiveCfg = Debug|Win32
		{AE131E54-5E4F-4045-B292-4E6E1F6E5E8E}.Debug|Win32.Build.0 = Debug|Win32
		{AE131E54-5E4F-4045-B292-4E6E1F6E5E8E}.Release|Win32.ActiveCfg = Release|Win32
		{AE131E54-5E4F-4045-B292-4E6E1F6E5E8E}.Release|Win32.Build.0 = Release|Win32
	EndGlobalSection
	GlobalSection(SolutionProperties) = preSolution
		HideSolutionNode = FALSE
	EndGlobalSection
EndGlobal
